
Microsoft Visual Studio Solution File, Format Version 12.00
# Visual Studio Version 16
VisualStudioVersion = 16.0.29709.97
MinimumVisualStudioVersion = 10.0.40219.1
Project("{8BC9CEB8-8B4A-11D0-8D11-00A0C91BC942}") = "DX12Book", "DX12Book\DX12Book.vcxproj", "{A51F393E-D7BC-4F5B-BCD3-7FC02505C287}"
EndProject
Project("{8BC9CEB8-8B4A-11D0-8D11-00A0C91BC942}") = "Shapes", "Applications\Shapes\Shapes.vcxproj", "{6C3CCB00-B82E-46D8-ABAE-5A6C2FD62A8C}"
	ProjectSection(ProjectDependencies) = postProject
		{A51F393E-D7BC-4F5B-BCD3-7FC02505C287} = {A51F393E-D7BC-4F5B-BCD3-7FC02505C287}
	EndProjectSection
EndProject
Global
	GlobalSection(SolutionConfigurationPlatforms) = preSolution
		Debug|x64 = Debug|x64
		Debug|x86 = Debug|x86
		Release|x64 = Release|x64
		Release|x86 = Release|x86
	EndGlobalSection
	GlobalSection(ProjectConfigurationPlatforms) = postSolution
		{A51F393E-D7BC-4F5B-BCD3-7FC02505C287}.Debug|x64.ActiveCfg = Debug|x64
		{A51F393E-D7BC-4F5B-BCD3-7FC02505C287}.Debug|x64.Build.0 = Debug|x64
		{A51F393E-D7BC-4F5B-BCD3-7FC02505C287}.Debug|x86.ActiveCfg = Debug|Win32
		{A51F393E-D7BC-4F5B-BCD3-7FC02505C287}.Debug|x86.Build.0 = Debug|Win32
		{A51F393E-D7BC-4F5B-BCD3-7FC02505C287}.Release|x64.ActiveCfg = Release|x64
		{A51F393E-D7BC-4F5B-BCD3-7FC02505C287}.Release|x64.Build.0 = Release|x64
		{A51F393E-D7BC-4F5B-BCD3-7FC02505C287}.Release|x86.ActiveCfg = Release|Win32
		{A51F393E-D7BC-4F5B-BCD3-7FC02505C287}.Release|x86.Build.0 = Release|Win32
		{6C3CCB00-B82E-46D8-ABAE-5A6C2FD62A8C}.Debug|x64.ActiveCfg = Debug|x64
		{6C3CCB00-B82E-46D8-ABAE-5A6C2FD62A8C}.Debug|x64.Build.0 = Debug|x64
		{6C3CCB00-B82E-46D8-ABAE-5A6C2FD62A8C}.Debug|x86.ActiveCfg = Debug|Win32
		{6C3CCB00-B82E-46D8-ABAE-5A6C2FD62A8C}.Debug|x86.Build.0 = Debug|Win32
		{6C3CCB00-B82E-46D8-ABAE-5A6C2FD62A8C}.Release|x64.ActiveCfg = Release|x64
		{6C3CCB00-B82E-46D8-ABAE-5A6C2FD62A8C}.Release|x64.Build.0 = Release|x64
		{6C3CCB00-B82E-46D8-ABAE-5A6C2FD62A8C}.Release|x86.ActiveCfg = Release|Win32
		{6C3CCB00-B82E-46D8-ABAE-5A6C2FD62A8C}.Release|x86.Build.0 = Release|Win32
	EndGlobalSection
	GlobalSection(SolutionProperties) = preSolution
		HideSolutionNode = FALSE
	EndGlobalSection
	GlobalSection(ExtensibilityGlobals) = postSolution
		SolutionGuid = {841DAC19-8E31-4FB9-9810-65CC364657E7}
	EndGlobalSection
EndGlobal
